// !$*UTF8*$!
{
	archiveVersion = 1;
	classes = {
	};
	objectVersion = 46;
	objects = {

/* Begin PBXBuildFile section */
		300E97CF1888CA720072175D /* UserInfo.m in Sources */ = {isa = PBXBuildFile; fileRef = 300E97CE1888CA720072175D /* UserInfo.m */; };
		300E97D21888F35C0072175D /* Status.m in Sources */ = {isa = PBXBuildFile; fileRef = 300E97D11888F35C0072175D /* Status.m */; };
		300E9836188910E00072175D /* MKAnnotationView+WebCache.m in Sources */ = {isa = PBXBuildFile; fileRef = 300E9823188910E00072175D /* MKAnnotationView+WebCache.m */; };
		300E9837188910E00072175D /* SDImageCache.m in Sources */ = {isa = PBXBuildFile; fileRef = 300E9825188910E00072175D /* SDImageCache.m */; };
		300E9838188910E00072175D /* SDWebImageDecoder.m in Sources */ = {isa = PBXBuildFile; fileRef = 300E9829188910E00072175D /* SDWebImageDecoder.m */; };
		300E9839188910E00072175D /* SDWebImageDownloader.m in Sources */ = {isa = PBXBuildFile; fileRef = 300E982B188910E00072175D /* SDWebImageDownloader.m */; };
		300E983A188910E00072175D /* SDWebImageManager.m in Sources */ = {isa = PBXBuildFile; fileRef = 300E982E188910E00072175D /* SDWebImageManager.m */; };
		300E983B188910E00072175D /* SDWebImagePrefetcher.m in Sources */ = {isa = PBXBuildFile; fileRef = 300E9831188910E00072175D /* SDWebImagePrefetcher.m */; };
		300E983C188910E00072175D /* UIButton+WebCache.m in Sources */ = {isa = PBXBuildFile; fileRef = 300E9833188910E00072175D /* UIButton+WebCache.m */; };
		300E983D188910E00072175D /* UIImageView+WebCache.m in Sources */ = {isa = PBXBuildFile; fileRef = 300E9835188910E00072175D /* UIImageView+WebCache.m */; };
		300E983F188910EA0072175D /* MapKit.framework in Frameworks */ = {isa = PBXBuildFile; fileRef = 300E983E188910EA0072175D /* MapKit.framework */; };
		300E9841188910EF0072175D /* ImageIO.framework in Frameworks */ = {isa = PBXBuildFile; fileRef = 300E9840188910EF0072175D /* ImageIO.framework */; };
		300FF4481876A38D00C1B091 /* Default-568h@2x.png in Resources */ = {isa = PBXBuildFile; fileRef = 300FF4451876A38D00C1B091 /* Default-568h@2x.png */; };
		300FF4491876A38D00C1B091 /* Default.png in Resources */ = {isa = PBXBuildFile; fileRef = 300FF4461876A38D00C1B091 /* Default.png */; };
		300FF44A1876A38D00C1B091 /* Default@2x.png in Resources */ = {isa = PBXBuildFile; fileRef = 300FF4471876A38D00C1B091 /* Default@2x.png */; };
		301E82C9188E4B9600A73299 /* MMExampleDrawerVisualStateManager.m in Sources */ = {isa = PBXBuildFile; fileRef = 301E82C8188E4B9600A73299 /* MMExampleDrawerVisualStateManager.m */; };
		301E82CD188E75FE00A73299 /* EditViewController.m in Sources */ = {isa = PBXBuildFile; fileRef = 301E82CC188E75FE00A73299 /* EditViewController.m */; };
		301E82D0188E764800A73299 /* KBHeaderView.m in Sources */ = {isa = PBXBuildFile; fileRef = 301E82CF188E764800A73299 /* KBHeaderView.m */; };
		306E711B188FA3210011E374 /* UINavigationController+Rotate.m in Sources */ = {isa = PBXBuildFile; fileRef = 306E711A188FA3210011E374 /* UINavigationController+Rotate.m */; };
		30FADF0B1883F08600A7247A /* NetWorkRequest.m in Sources */ = {isa = PBXBuildFile; fileRef = 30FADF0A1883F08600A7247A /* NetWorkRequest.m */; };
		700520F6186B2AEE006AAD8B /* HomeViewController.m in Sources */ = {isa = PBXBuildFile; fileRef = 700520F5186B2AEE006AAD8B /* HomeViewController.m */; };
		700520F9186B2AFB006AAD8B /* MessageViewController.m in Sources */ = {isa = PBXBuildFile; fileRef = 700520F8186B2AFB006AAD8B /* MessageViewController.m */; };
		700520FC186B2B04006AAD8B /* MineViewController.m in Sources */ = {isa = PBXBuildFile; fileRef = 700520FB186B2B04006AAD8B /* MineViewController.m */; };
		700520FF186B2B16006AAD8B /* SquareViewController.m in Sources */ = {isa = PBXBuildFile; fileRef = 700520FE186B2B16006AAD8B /* SquareViewController.m */; };
		70052102186B2B21006AAD8B /* MoreViewController.m in Sources */ = {isa = PBXBuildFile; fileRef = 70052101186B2B21006AAD8B /* MoreViewController.m */; };
		701C3AD31878528B002609BC /* LeftFooterView.m in Sources */ = {isa = PBXBuildFile; fileRef = 701C3ACC1878528B002609BC /* LeftFooterView.m */; };
		701C3AD41878528B002609BC /* LeftHeaderView.m in Sources */ = {isa = PBXBuildFile; fileRef = 701C3ACE1878528B002609BC /* LeftHeaderView.m */; };
		701C3AD51878528B002609BC /* LeftMenuCell.m in Sources */ = {isa = PBXBuildFile; fileRef = 701C3AD01878528B002609BC /* LeftMenuCell.m */; };
		701C3AD61878528B002609BC /* LeftMenuViewController.m in Sources */ = {isa = PBXBuildFile; fileRef = 701C3AD21878528B002609BC /* LeftMenuViewController.m */; };
		701C3AD9187852C7002609BC /* LogInViewController.m in Sources */ = {isa = PBXBuildFile; fileRef = 701C3AD8187852C7002609BC /* LogInViewController.m */; };
		701C3AE118785D0D002609BC /* MBProgressHUD.m in Sources */ = {isa = PBXBuildFile; fileRef = 701C3AE018785D0D002609BC /* MBProgressHUD.m */; };
		703779231868863600011066 /* MMDrawerBarButtonItem.m in Sources */ = {isa = PBXBuildFile; fileRef = 7037791B1868863600011066 /* MMDrawerBarButtonItem.m */; };
		703779241868863600011066 /* MMDrawerController.m in Sources */ = {isa = PBXBuildFile; fileRef = 7037791E1868863600011066 /* MMDrawerController.m */; };
		703779251868863600011066 /* MMDrawerVisualState.m in Sources */ = {isa = PBXBuildFile; fileRef = 703779201868863600011066 /* MMDrawerVisualState.m */; };
		703779261868863600011066 /* UIViewController+MMDrawerController.m in Sources */ = {isa = PBXBuildFile; fileRef = 703779221868863600011066 /* UIViewController+MMDrawerController.m */; };
		703779281868864900011066 /* QuartzCore.framework in Frameworks */ = {isa = PBXBuildFile; fileRef = 703779271868864900011066 /* QuartzCore.framework */; };
		705FA3EE1879AC5F00338887 /* LYUtils.m in Sources */ = {isa = PBXBuildFile; fileRef = 705FA3ED1879AC5F00338887 /* LYUtils.m */; };
		7068FF2018672964000A9CFC /* Foundation.framework in Frameworks */ = {isa = PBXBuildFile; fileRef = 7068FF1F18672964000A9CFC /* Foundation.framework */; };
		7068FF2218672964000A9CFC /* CoreGraphics.framework in Frameworks */ = {isa = PBXBuildFile; fileRef = 7068FF2118672964000A9CFC /* CoreGraphics.framework */; };
		7068FF2418672964000A9CFC /* UIKit.framework in Frameworks */ = {isa = PBXBuildFile; fileRef = 7068FF2318672964000A9CFC /* UIKit.framework */; };
		7068FF2A18672964000A9CFC /* InfoPlist.strings in Resources */ = {isa = PBXBuildFile; fileRef = 7068FF2818672964000A9CFC /* InfoPlist.strings */; };
		7068FF2C18672964000A9CFC /* main.m in Sources */ = {isa = PBXBuildFile; fileRef = 7068FF2B18672964000A9CFC /* main.m */; };
		7068FF3018672964000A9CFC /* LYAppDelegate.m in Sources */ = {isa = PBXBuildFile; fileRef = 7068FF2F18672964000A9CFC /* LYAppDelegate.m */; };
		7068FF3918672964000A9CFC /* XCTest.framework in Frameworks */ = {isa = PBXBuildFile; fileRef = 7068FF3818672964000A9CFC /* XCTest.framework */; };
		7068FF3A18672964000A9CFC /* Foundation.framework in Frameworks */ = {isa = PBXBuildFile; fileRef = 7068FF1F18672964000A9CFC /* Foundation.framework */; };
		7068FF3B18672964000A9CFC /* UIKit.framework in Frameworks */ = {isa = PBXBuildFile; fileRef = 7068FF2318672964000A9CFC /* UIKit.framework */; };
		70770EFF1882599A00AED8B1 /* ASIAuthenticationDialog.m in Sources */ = {isa = PBXBuildFile; fileRef = 70770EA81882599A00AED8B1 /* ASIAuthenticationDialog.m */; settings = {COMPILER_FLAGS = "-fno-objc-arc"; }; };
		70770F001882599A00AED8B1 /* ASIDataCompressor.m in Sources */ = {isa = PBXBuildFile; fileRef = 70770EAB1882599A00AED8B1 /* ASIDataCompressor.m */; settings = {COMPILER_FLAGS = "-fno-objc-arc"; }; };
		70770F011882599A00AED8B1 /* ASIDataDecompressor.m in Sources */ = {isa = PBXBuildFile; fileRef = 70770EAD1882599A00AED8B1 /* ASIDataDecompressor.m */; settings = {COMPILER_FLAGS = "-fno-objc-arc"; }; };
		70770F021882599A00AED8B1 /* ASIDownloadCache.m in Sources */ = {isa = PBXBuildFile; fileRef = 70770EAF1882599A00AED8B1 /* ASIDownloadCache.m */; settings = {COMPILER_FLAGS = "-fno-objc-arc"; }; };
		70770F031882599A00AED8B1 /* ASIFormDataRequest.m in Sources */ = {isa = PBXBuildFile; fileRef = 70770EB11882599A00AED8B1 /* ASIFormDataRequest.m */; settings = {COMPILER_FLAGS = "-fno-objc-arc"; }; };
		70770F041882599A00AED8B1 /* ASIHTTPRequest.m in Sources */ = {isa = PBXBuildFile; fileRef = 70770EB31882599A00AED8B1 /* ASIHTTPRequest.m */; settings = {COMPILER_FLAGS = "-fno-objc-arc"; }; };
		70770F051882599A00AED8B1 /* ASIInputStream.m in Sources */ = {isa = PBXBuildFile; fileRef = 70770EB71882599A00AED8B1 /* ASIInputStream.m */; settings = {COMPILER_FLAGS = "-fno-objc-arc"; }; };
		70770F061882599A00AED8B1 /* ASINetworkQueue.m in Sources */ = {isa = PBXBuildFile; fileRef = 70770EB91882599A00AED8B1 /* ASINetworkQueue.m */; settings = {COMPILER_FLAGS = "-fno-objc-arc"; }; };
		70770F2818825C7C00AED8B1 /* Reachability.m in Sources */ = {isa = PBXBuildFile; fileRef = 70770F2718825C7C00AED8B1 /* Reachability.m */; settings = {COMPILER_FLAGS = "-fno-objc-arc"; }; };
		70770F2A18825E2C00AED8B1 /* libz.dylib in Frameworks */ = {isa = PBXBuildFile; fileRef = 70770F2918825E2C00AED8B1 /* libz.dylib */; };
		70770F2C18825E3700AED8B1 /* libxml2.dylib in Frameworks */ = {isa = PBXBuildFile; fileRef = 70770F2B18825E3700AED8B1 /* libxml2.dylib */; };
		70770F2E18825E3F00AED8B1 /* SystemConfiguration.framework in Frameworks */ = {isa = PBXBuildFile; fileRef = 70770F2D18825E3F00AED8B1 /* SystemConfiguration.framework */; };
		70770F3018825E4C00AED8B1 /* Security.framework in Frameworks */ = {isa = PBXBuildFile; fileRef = 70770F2F18825E4C00AED8B1 /* Security.framework */; };
		70770F3218825E5400AED8B1 /* MobileCoreServices.framework in Frameworks */ = {isa = PBXBuildFile; fileRef = 70770F3118825E5400AED8B1 /* MobileCoreServices.framework */; };
		70770F3418825E5C00AED8B1 /* CFNetwork.framework in Frameworks */ = {isa = PBXBuildFile; fileRef = 70770F3318825E5C00AED8B1 /* CFNetwork.framework */; };
		70770F5A1882821400AED8B1 /* wifi.png in Resources */ = {isa = PBXBuildFile; fileRef = 70770F591882821400AED8B1 /* wifi.png */; };
		70770F601882D8AD00AED8B1 /* BaseViewController.m in Sources */ = {isa = PBXBuildFile; fileRef = 70770F5F1882D8AD00AED8B1 /* BaseViewController.m */; };
		70770F631882DEF600AED8B1 /* LYUserDefaults.m in Sources */ = {isa = PBXBuildFile; fileRef = 70770F621882DEF600AED8B1 /* LYUserDefaults.m */; };
/* End PBXBuildFile section */

/* Begin PBXContainerItemProxy section */
		7068FF3C18672964000A9CFC /* PBXContainerItemProxy */ = {
			isa = PBXContainerItemProxy;
			containerPortal = 7068FF1418672964000A9CFC /* Project object */;
			proxyType = 1;
			remoteGlobalIDString = 7068FF1B18672964000A9CFC;
			remoteInfo = LaoYueWeiBo;
		};
/* End PBXContainerItemProxy section */

/* Begin PBXFileReference section */
		300E97CD1888CA720072175D /* UserInfo.h */ = {isa = PBXFileReference; fileEncoding = 4; lastKnownFileType = sourcecode.c.h; path = UserInfo.h; sourceTree = "<group>"; };
		300E97CE1888CA720072175D /* UserInfo.m */ = {isa = PBXFileReference; fileEncoding = 4; lastKnownFileType = sourcecode.c.objc; path = UserInfo.m; sourceTree = "<group>"; };
		300E97D01888F35C0072175D /* Status.h */ = {isa = PBXFileReference; fileEncoding = 4; lastKnownFileType = sourcecode.c.h; path = Status.h; sourceTree = "<group>"; };
		300E97D11888F35C0072175D /* Status.m */ = {isa = PBXFileReference; fileEncoding = 4; lastKnownFileType = sourcecode.c.objc; path = Status.m; sourceTree = "<group>"; };
		300E9822188910E00072175D /* MKAnnotationView+WebCache.h */ = {isa = PBXFileReference; fileEncoding = 4; lastKnownFileType = sourcecode.c.h; path = "MKAnnotationView+WebCache.h"; sourceTree = "<group>"; };
		300E9823188910E00072175D /* MKAnnotationView+WebCache.m */ = {isa = PBXFileReference; fileEncoding = 4; lastKnownFileType = sourcecode.c.objc; path = "MKAnnotationView+WebCache.m"; sourceTree = "<group>"; };
		300E9824188910E00072175D /* SDImageCache.h */ = {isa = PBXFileReference; fileEncoding = 4; lastKnownFileType = sourcecode.c.h; path = SDImageCache.h; sourceTree = "<group>"; };
		300E9825188910E00072175D /* SDImageCache.m */ = {isa = PBXFileReference; fileEncoding = 4; lastKnownFileType = sourcecode.c.objc; path = SDImageCache.m; sourceTree = "<group>"; };
		300E9826188910E00072175D /* SDImageCacheDelegate.h */ = {isa = PBXFileReference; fileEncoding = 4; lastKnownFileType = sourcecode.c.h; path = SDImageCacheDelegate.h; sourceTree = "<group>"; };
		300E9827188910E00072175D /* SDWebImageCompat.h */ = {isa = PBXFileReference; fileEncoding = 4; lastKnownFileType = sourcecode.c.h; path = SDWebImageCompat.h; sourceTree = "<group>"; };
		300E9828188910E00072175D /* SDWebImageDecoder.h */ = {isa = PBXFileReference; fileEncoding = 4; lastKnownFileType = sourcecode.c.h; path = SDWebImageDecoder.h; sourceTree = "<group>"; };
		300E9829188910E00072175D /* SDWebImageDecoder.m */ = {isa = PBXFileReference; fileEncoding = 4; lastKnownFileType = sourcecode.c.objc; path = SDWebImageDecoder.m; sourceTree = "<group>"; };
		300E982A188910E00072175D /* SDWebImageDownloader.h */ = {isa = PBXFileReference; fileEncoding = 4; lastKnownFileType = sourcecode.c.h; path = SDWebImageDownloader.h; sourceTree = "<group>"; };
		300E982B188910E00072175D /* SDWebImageDownloader.m */ = {isa = PBXFileReference; fileEncoding = 4; lastKnownFileType = sourcecode.c.objc; path = SDWebImageDownloader.m; sourceTree = "<group>"; };
		300E982C188910E00072175D /* SDWebImageDownloaderDelegate.h */ = {isa = PBXFileReference; fileEncoding = 4; lastKnownFileType = sourcecode.c.h; path = SDWebImageDownloaderDelegate.h; sourceTree = "<group>"; };
		300E982D188910E00072175D /* SDWebImageManager.h */ = {isa = PBXFileReference; fileEncoding = 4; lastKnownFileType = sourcecode.c.h; path = SDWebImageManager.h; sourceTree = "<group>"; };
		300E982E188910E00072175D /* SDWebImageManager.m */ = {isa = PBXFileReference; fileEncoding = 4; lastKnownFileType = sourcecode.c.objc; path = SDWebImageManager.m; sourceTree = "<group>"; };
		300E982F188910E00072175D /* SDWebImageManagerDelegate.h */ = {isa = PBXFileReference; fileEncoding = 4; lastKnownFileType = sourcecode.c.h; path = SDWebImageManagerDelegate.h; sourceTree = "<group>"; };
		300E9830188910E00072175D /* SDWebImagePrefetcher.h */ = {isa = PBXFileReference; fileEncoding = 4; lastKnownFileType = sourcecode.c.h; path = SDWebImagePrefetcher.h; sourceTree = "<group>"; };
		300E9831188910E00072175D /* SDWebImagePrefetcher.m */ = {isa = PBXFileReference; fileEncoding = 4; lastKnownFileType = sourcecode.c.objc; path = SDWebImagePrefetcher.m; sourceTree = "<group>"; };
		300E9832188910E00072175D /* UIButton+WebCache.h */ = {isa = PBXFileReference; fileEncoding = 4; lastKnownFileType = sourcecode.c.h; path = "UIButton+WebCache.h"; sourceTree = "<group>"; };
		300E9833188910E00072175D /* UIButton+WebCache.m */ = {isa = PBXFileReference; fileEncoding = 4; lastKnownFileType = sourcecode.c.objc; path = "UIButton+WebCache.m"; sourceTree = "<group>"; };
		300E9834188910E00072175D /* UIImageView+WebCache.h */ = {isa = PBXFileReference; fileEncoding = 4; lastKnownFileType = sourcecode.c.h; path = "UIImageView+WebCache.h"; sourceTree = "<group>"; };
		300E9835188910E00072175D /* UIImageView+WebCache.m */ = {isa = PBXFileReference; fileEncoding = 4; lastKnownFileType = sourcecode.c.objc; path = "UIImageView+WebCache.m"; sourceTree = "<group>"; };
		300E983E188910EA0072175D /* MapKit.framework */ = {isa = PBXFileReference; lastKnownFileType = wrapper.framework; name = MapKit.framework; path = System/Library/Frameworks/MapKit.framework; sourceTree = SDKROOT; };
		300E9840188910EF0072175D /* ImageIO.framework */ = {isa = PBXFileReference; lastKnownFileType = wrapper.framework; name = ImageIO.framework; path = System/Library/Frameworks/ImageIO.framework; sourceTree = SDKROOT; };
		300E9842188917570072175D /* ModelsConstants.h */ = {isa = PBXFileReference; lastKnownFileType = sourcecode.c.h; path = ModelsConstants.h; sourceTree = "<group>"; };
		300FF437187650F500C1B091 /* GlobalConfig.h */ = {isa = PBXFileReference; lastKnownFileType = sourcecode.c.h; path = GlobalConfig.h; sourceTree = "<group>"; };
		300FF4451876A38D00C1B091 /* Default-568h@2x.png */ = {isa = PBXFileReference; lastKnownFileType = image.png; path = "Default-568h@2x.png"; sourceTree = "<group>"; };
		300FF4461876A38D00C1B091 /* Default.png */ = {isa = PBXFileReference; lastKnownFileType = image.png; path = Default.png; sourceTree = "<group>"; };
		300FF4471876A38D00C1B091 /* Default@2x.png */ = {isa = PBXFileReference; lastKnownFileType = image.png; path = "Default@2x.png"; sourceTree = "<group>"; };
		301E82C7188E4B9600A73299 /* MMExampleDrawerVisualStateManager.h */ = {isa = PBXFileReference; fileEncoding = 4; lastKnownFileType = sourcecode.c.h; path = MMExampleDrawerVisualStateManager.h; sourceTree = "<group>"; };
		301E82C8188E4B9600A73299 /* MMExampleDrawerVisualStateManager.m */ = {isa = PBXFileReference; fileEncoding = 4; lastKnownFileType = sourcecode.c.objc; path = MMExampleDrawerVisualStateManager.m; sourceTree = "<group>"; };
		301E82CB188E75FE00A73299 /* EditViewController.h */ = {isa = PBXFileReference; fileEncoding = 4; lastKnownFileType = sourcecode.c.h; path = EditViewController.h; sourceTree = "<group>"; };
		301E82CC188E75FE00A73299 /* EditViewController.m */ = {isa = PBXFileReference; fileEncoding = 4; lastKnownFileType = sourcecode.c.objc; path = EditViewController.m; sourceTree = "<group>"; };
		301E82CE188E764800A73299 /* KBHeaderView.h */ = {isa = PBXFileReference; fileEncoding = 4; lastKnownFileType = sourcecode.c.h; path = KBHeaderView.h; sourceTree = "<group>"; };
		301E82CF188E764800A73299 /* KBHeaderView.m */ = {isa = PBXFileReference; fileEncoding = 4; lastKnownFileType = sourcecode.c.objc; path = KBHeaderView.m; sourceTree = "<group>"; };
		306E7119188FA3210011E374 /* UINavigationController+Rotate.h */ = {isa = PBXFileReference; fileEncoding = 4; lastKnownFileType = sourcecode.c.h; path = "UINavigationController+Rotate.h"; sourceTree = "<group>"; };
		306E711A188FA3210011E374 /* UINavigationController+Rotate.m */ = {isa = PBXFileReference; fileEncoding = 4; lastKnownFileType = sourcecode.c.objc; path = "UINavigationController+Rotate.m"; sourceTree = "<group>"; };
		30FADF091883F08600A7247A /* NetWorkRequest.h */ = {isa = PBXFileReference; fileEncoding = 4; lastKnownFileType = sourcecode.c.h; path = NetWorkRequest.h; sourceTree = "<group>"; };
		30FADF0A1883F08600A7247A /* NetWorkRequest.m */ = {isa = PBXFileReference; fileEncoding = 4; lastKnownFileType = sourcecode.c.objc; path = NetWorkRequest.m; sourceTree = "<group>"; };
		700520F4186B2AEE006AAD8B /* HomeViewController.h */ = {isa = PBXFileReference; fileEncoding = 4; lastKnownFileType = sourcecode.c.h; path = HomeViewController.h; sourceTree = "<group>"; };
		700520F5186B2AEE006AAD8B /* HomeViewController.m */ = {isa = PBXFileReference; fileEncoding = 4; lastKnownFileType = sourcecode.c.objc; path = HomeViewController.m; sourceTree = "<group>"; };
		700520F7186B2AFB006AAD8B /* MessageViewController.h */ = {isa = PBXFileReference; fileEncoding = 4; lastKnownFileType = sourcecode.c.h; path = MessageViewController.h; sourceTree = "<group>"; };
		700520F8186B2AFB006AAD8B /* MessageViewController.m */ = {isa = PBXFileReference; fileEncoding = 4; lastKnownFileType = sourcecode.c.objc; path = MessageViewController.m; sourceTree = "<group>"; };
		700520FA186B2B04006AAD8B /* MineViewController.h */ = {isa = PBXFileReference; fileEncoding = 4; lastKnownFileType = sourcecode.c.h; path = MineViewController.h; sourceTree = "<group>"; };
		700520FB186B2B04006AAD8B /* MineViewController.m */ = {isa = PBXFileReference; fileEncoding = 4; lastKnownFileType = sourcecode.c.objc; path = MineViewController.m; sourceTree = "<group>"; };
		700520FD186B2B16006AAD8B /* SquareViewController.h */ = {isa = PBXFileReference; fileEncoding = 4; lastKnownFileType = sourcecode.c.h; path = SquareViewController.h; sourceTree = "<group>"; };
		700520FE186B2B16006AAD8B /* SquareViewController.m */ = {isa = PBXFileReference; fileEncoding = 4; lastKnownFileType = sourcecode.c.objc; path = SquareViewController.m; sourceTree = "<group>"; };
		70052100186B2B21006AAD8B /* MoreViewController.h */ = {isa = PBXFileReference; fileEncoding = 4; lastKnownFileType = sourcecode.c.h; path = MoreViewController.h; sourceTree = "<group>"; };
		70052101186B2B21006AAD8B /* MoreViewController.m */ = {isa = PBXFileReference; fileEncoding = 4; lastKnownFileType = sourcecode.c.objc; path = MoreViewController.m; sourceTree = "<group>"; };
		701C3ACB1878528B002609BC /* LeftFooterView.h */ = {isa = PBXFileReference; fileEncoding = 4; lastKnownFileType = sourcecode.c.h; path = LeftFooterView.h; sourceTree = "<group>"; };
		701C3ACC1878528B002609BC /* LeftFooterView.m */ = {isa = PBXFileReference; fileEncoding = 4; lastKnownFileType = sourcecode.c.objc; path = LeftFooterView.m; sourceTree = "<group>"; };
		701C3ACD1878528B002609BC /* LeftHeaderView.h */ = {isa = PBXFileReference; fileEncoding = 4; lastKnownFileType = sourcecode.c.h; path = LeftHeaderView.h; sourceTree = "<group>"; };
		701C3ACE1878528B002609BC /* LeftHeaderView.m */ = {isa = PBXFileReference; fileEncoding = 4; lastKnownFileType = sourcecode.c.objc; path = LeftHeaderView.m; sourceTree = "<group>"; };
		701C3ACF1878528B002609BC /* LeftMenuCell.h */ = {isa = PBXFileReference; fileEncoding = 4; lastKnownFileType = sourcecode.c.h; path = LeftMenuCell.h; sourceTree = "<group>"; };
		701C3AD01878528B002609BC /* LeftMenuCell.m */ = {isa = PBXFileReference; fileEncoding = 4; lastKnownFileType = sourcecode.c.objc; path = LeftMenuCell.m; sourceTree = "<group>"; };
		701C3AD11878528B002609BC /* LeftMenuViewController.h */ = {isa = PBXFileReference; fileEncoding = 4; lastKnownFileType = sourcecode.c.h; path = LeftMenuViewController.h; sourceTree = "<group>"; };
		701C3AD21878528B002609BC /* LeftMenuViewController.m */ = {isa = PBXFileReference; fileEncoding = 4; lastKnownFileType = sourcecode.c.objc; path = LeftMenuViewController.m; sourceTree = "<group>"; };
		701C3AD7187852C7002609BC /* LogInViewController.h */ = {isa = PBXFileReference; fileEncoding = 4; lastKnownFileType = sourcecode.c.h; path = LogInViewController.h; sourceTree = "<group>"; };
		701C3AD8187852C7002609BC /* LogInViewController.m */ = {isa = PBXFileReference; fileEncoding = 4; lastKnownFileType = sourcecode.c.objc; path = LogInViewController.m; sourceTree = "<group>"; };
		701C3ADF18785D0D002609BC /* MBProgressHUD.h */ = {isa = PBXFileReference; fileEncoding = 4; lastKnownFileType = sourcecode.c.h; path = MBProgressHUD.h; sourceTree = "<group>"; };
		701C3AE018785D0D002609BC /* MBProgressHUD.m */ = {isa = PBXFileReference; fileEncoding = 4; lastKnownFileType = sourcecode.c.objc; path = MBProgressHUD.m; sourceTree = "<group>"; };
		7037791A1868863600011066 /* MMDrawerBarButtonItem.h */ = {isa = PBXFileReference; fileEncoding = 4; lastKnownFileType = sourcecode.c.h; path = MMDrawerBarButtonItem.h; sourceTree = "<group>"; };
		7037791B1868863600011066 /* MMDrawerBarButtonItem.m */ = {isa = PBXFileReference; fileEncoding = 4; lastKnownFileType = sourcecode.c.objc; path = MMDrawerBarButtonItem.m; sourceTree = "<group>"; };
		7037791C1868863600011066 /* MMDrawerController+Subclass.h */ = {isa = PBXFileReference; fileEncoding = 4; lastKnownFileType = sourcecode.c.h; path = "MMDrawerController+Subclass.h"; sourceTree = "<group>"; };
		7037791D1868863600011066 /* MMDrawerController.h */ = {isa = PBXFileReference; fileEncoding = 4; lastKnownFileType = sourcecode.c.h; path = MMDrawerController.h; sourceTree = "<group>"; };
		7037791E1868863600011066 /* MMDrawerController.m */ = {isa = PBXFileReference; fileEncoding = 4; lastKnownFileType = sourcecode.c.objc; path = MMDrawerController.m; sourceTree = "<group>"; };
		7037791F1868863600011066 /* MMDrawerVisualState.h */ = {isa = PBXFileReference; fileEncoding = 4; lastKnownFileType = sourcecode.c.h; path = MMDrawerVisualState.h; sourceTree = "<group>"; };
		703779201868863600011066 /* MMDrawerVisualState.m */ = {isa = PBXFileReference; fileEncoding = 4; lastKnownFileType = sourcecode.c.objc; path = MMDrawerVisualState.m; sourceTree = "<group>"; };
		703779211868863600011066 /* UIViewController+MMDrawerController.h */ = {isa = PBXFileReference; fileEncoding = 4; lastKnownFileType = sourcecode.c.h; path = "UIViewController+MMDrawerController.h"; sourceTree = "<group>"; };
		703779221868863600011066 /* UIViewController+MMDrawerController.m */ = {isa = PBXFileReference; fileEncoding = 4; lastKnownFileType = sourcecode.c.objc; path = "UIViewController+MMDrawerController.m"; sourceTree = "<group>"; };
		703779271868864900011066 /* QuartzCore.framework */ = {isa = PBXFileReference; lastKnownFileType = wrapper.framework; name = QuartzCore.framework; path = System/Library/Frameworks/QuartzCore.framework; sourceTree = SDKROOT; };
		705FA3EC1879AC5F00338887 /* LYUtils.h */ = {isa = PBXFileReference; fileEncoding = 4; lastKnownFileType = sourcecode.c.h; path = LYUtils.h; sourceTree = "<group>"; };
		705FA3ED1879AC5F00338887 /* LYUtils.m */ = {isa = PBXFileReference; fileEncoding = 4; lastKnownFileType = sourcecode.c.objc; path = LYUtils.m; sourceTree = "<group>"; };
		7068FF1C18672964000A9CFC /* LaoYueWeiBo.app */ = {isa = PBXFileReference; explicitFileType = wrapper.application; includeInIndex = 0; path = LaoYueWeiBo.app; sourceTree = BUILT_PRODUCTS_DIR; };
		7068FF1F18672964000A9CFC /* Foundation.framework */ = {isa = PBXFileReference; lastKnownFileType = wrapper.framework; name = Foundation.framework; path = System/Library/Frameworks/Foundation.framework; sourceTree = SDKROOT; };
		7068FF2118672964000A9CFC /* CoreGraphics.framework */ = {isa = PBXFileReference; lastKnownFileType = wrapper.framework; name = CoreGraphics.framework; path = System/Library/Frameworks/CoreGraphics.framework; sourceTree = SDKROOT; };
		7068FF2318672964000A9CFC /* UIKit.framework */ = {isa = PBXFileReference; lastKnownFileType = wrapper.framework; name = UIKit.framework; path = System/Library/Frameworks/UIKit.framework; sourceTree = SDKROOT; };
		7068FF2718672964000A9CFC /* LaoYueWeiBo-Info.plist */ = {isa = PBXFileReference; lastKnownFileType = text.plist.xml; path = "LaoYueWeiBo-Info.plist"; sourceTree = "<group>"; };
		7068FF2918672964000A9CFC /* en */ = {isa = PBXFileReference; lastKnownFileType = text.plist.strings; name = en; path = en.lproj/InfoPlist.strings; sourceTree = "<group>"; };
		7068FF2B18672964000A9CFC /* main.m */ = {isa = PBXFileReference; lastKnownFileType = sourcecode.c.objc; path = main.m; sourceTree = "<group>"; };
		7068FF2D18672964000A9CFC /* LaoYueWeiBo-Prefix.pch */ = {isa = PBXFileReference; lastKnownFileType = sourcecode.c.h; path = "LaoYueWeiBo-Prefix.pch"; sourceTree = "<group>"; };
		7068FF2E18672964000A9CFC /* LYAppDelegate.h */ = {isa = PBXFileReference; lastKnownFileType = sourcecode.c.h; path = LYAppDelegate.h; sourceTree = "<group>"; };
		7068FF2F18672964000A9CFC /* LYAppDelegate.m */ = {isa = PBXFileReference; lastKnownFileType = sourcecode.c.objc; path = LYAppDelegate.m; sourceTree = "<group>"; };
		7068FF3718672964000A9CFC /* LaoYueWeiBoTests.xctest */ = {isa = PBXFileReference; explicitFileType = wrapper.cfbundle; includeInIndex = 0; path = LaoYueWeiBoTests.xctest; sourceTree = BUILT_PRODUCTS_DIR; };
		7068FF3818672964000A9CFC /* XCTest.framework */ = {isa = PBXFileReference; lastKnownFileType = wrapper.framework; name = XCTest.framework; path = Library/Frameworks/XCTest.framework; sourceTree = DEVELOPER_DIR; };
		70770EA71882599A00AED8B1 /* ASIAuthenticationDialog.h */ = {isa = PBXFileReference; fileEncoding = 4; lastKnownFileType = sourcecode.c.h; path = ASIAuthenticationDialog.h; sourceTree = "<group>"; };
		70770EA81882599A00AED8B1 /* ASIAuthenticationDialog.m */ = {isa = PBXFileReference; fileEncoding = 4; lastKnownFileType = sourcecode.c.objc; path = ASIAuthenticationDialog.m; sourceTree = "<group>"; };
		70770EA91882599A00AED8B1 /* ASICacheDelegate.h */ = {isa = PBXFileReference; fileEncoding = 4; lastKnownFileType = sourcecode.c.h; path = ASICacheDelegate.h; sourceTree = "<group>"; };
		70770EAA1882599A00AED8B1 /* ASIDataCompressor.h */ = {isa = PBXFileReference; fileEncoding = 4; lastKnownFileType = sourcecode.c.h; path = ASIDataCompressor.h; sourceTree = "<group>"; };
		70770EAB1882599A00AED8B1 /* ASIDataCompressor.m */ = {isa = PBXFileReference; fileEncoding = 4; lastKnownFileType = sourcecode.c.objc; path = ASIDataCompressor.m; sourceTree = "<group>"; };
		70770EAC1882599A00AED8B1 /* ASIDataDecompressor.h */ = {isa = PBXFileReference; fileEncoding = 4; lastKnownFileType = sourcecode.c.h; path = ASIDataDecompressor.h; sourceTree = "<group>"; };
		70770EAD1882599A00AED8B1 /* ASIDataDecompressor.m */ = {isa = PBXFileReference; fileEncoding = 4; lastKnownFileType = sourcecode.c.objc; path = ASIDataDecompressor.m; sourceTree = "<group>"; };
		70770EAE1882599A00AED8B1 /* ASIDownloadCache.h */ = {isa = PBXFileReference; fileEncoding = 4; lastKnownFileType = sourcecode.c.h; path = ASIDownloadCache.h; sourceTree = "<group>"; };
		70770EAF1882599A00AED8B1 /* ASIDownloadCache.m */ = {isa = PBXFileReference; fileEncoding = 4; lastKnownFileType = sourcecode.c.objc; path = ASIDownloadCache.m; sourceTree = "<group>"; };
		70770EB01882599A00AED8B1 /* ASIFormDataRequest.h */ = {isa = PBXFileReference; fileEncoding = 4; lastKnownFileType = sourcecode.c.h; path = ASIFormDataRequest.h; sourceTree = "<group>"; };
		70770EB11882599A00AED8B1 /* ASIFormDataRequest.m */ = {isa = PBXFileReference; fileEncoding = 4; lastKnownFileType = sourcecode.c.objc; path = ASIFormDataRequest.m; sourceTree = "<group>"; };
		70770EB21882599A00AED8B1 /* ASIHTTPRequest.h */ = {isa = PBXFileReference; fileEncoding = 4; lastKnownFileType = sourcecode.c.h; path = ASIHTTPRequest.h; sourceTree = "<group>"; };
		70770EB31882599A00AED8B1 /* ASIHTTPRequest.m */ = {isa = PBXFileReference; fileEncoding = 4; lastKnownFileType = sourcecode.c.objc; path = ASIHTTPRequest.m; sourceTree = "<group>"; };
		70770EB41882599A00AED8B1 /* ASIHTTPRequestConfig.h */ = {isa = PBXFileReference; fileEncoding = 4; lastKnownFileType = sourcecode.c.h; path = ASIHTTPRequestConfig.h; sourceTree = "<group>"; };
		70770EB51882599A00AED8B1 /* ASIHTTPRequestDelegate.h */ = {isa = PBXFileReference; fileEncoding = 4; lastKnownFileType = sourcecode.c.h; path = ASIHTTPRequestDelegate.h; sourceTree = "<group>"; };
		70770EB61882599A00AED8B1 /* ASIInputStream.h */ = {isa = PBXFileReference; fileEncoding = 4; lastKnownFileType = sourcecode.c.h; path = ASIInputStream.h; sourceTree = "<group>"; };
		70770EB71882599A00AED8B1 /* ASIInputStream.m */ = {isa = PBXFileReference; fileEncoding = 4; lastKnownFileType = sourcecode.c.objc; path = ASIInputStream.m; sourceTree = "<group>"; };
		70770EB81882599A00AED8B1 /* ASINetworkQueue.h */ = {isa = PBXFileReference; fileEncoding = 4; lastKnownFileType = sourcecode.c.h; path = ASINetworkQueue.h; sourceTree = "<group>"; };
		70770EB91882599A00AED8B1 /* ASINetworkQueue.m */ = {isa = PBXFileReference; fileEncoding = 4; lastKnownFileType = sourcecode.c.objc; path = ASINetworkQueue.m; sourceTree = "<group>"; };
		70770EBA1882599A00AED8B1 /* ASIProgressDelegate.h */ = {isa = PBXFileReference; fileEncoding = 4; lastKnownFileType = sourcecode.c.h; path = ASIProgressDelegate.h; sourceTree = "<group>"; };
		70770F2618825C7C00AED8B1 /* Reachability.h */ = {isa = PBXFileReference; fileEncoding = 4; lastKnownFileType = sourcecode.c.h; path = Reachability.h; sourceTree = "<group>"; };
		70770F2718825C7C00AED8B1 /* Reachability.m */ = {isa = PBXFileReference; fileEncoding = 4; lastKnownFileType = sourcecode.c.objc; path = Reachability.m; sourceTree = "<group>"; };
		70770F2918825E2C00AED8B1 /* libz.dylib */ = {isa = PBXFileReference; lastKnownFileType = "compiled.mach-o.dylib"; name = libz.dylib; path = usr/lib/libz.dylib; sourceTree = SDKROOT; };
		70770F2B18825E3700AED8B1 /* libxml2.dylib */ = {isa = PBXFileReference; lastKnownFileType = "compiled.mach-o.dylib"; name = libxml2.dylib; path = usr/lib/libxml2.dylib; sourceTree = SDKROOT; };
		70770F2D18825E3F00AED8B1 /* SystemConfiguration.framework */ = {isa = PBXFileReference; lastKnownFileType = wrapper.framework; name = SystemConfiguration.framework; path = System/Library/Frameworks/SystemConfiguration.framework; sourceTree = SDKROOT; };
		70770F2F18825E4C00AED8B1 /* Security.framework */ = {isa = PBXFileReference; lastKnownFileType = wrapper.framework; name = Security.framework; path = System/Library/Frameworks/Security.framework; sourceTree = SDKROOT; };
		70770F3118825E5400AED8B1 /* MobileCoreServices.framework */ = {isa = PBXFileReference; lastKnownFileType = wrapper.framework; name = MobileCoreServices.framework; path = System/Library/Frameworks/MobileCoreServices.framework; sourceTree = SDKROOT; };
		70770F3318825E5C00AED8B1 /* CFNetwork.framework */ = {isa = PBXFileReference; lastKnownFileType = wrapper.framework; name = CFNetwork.framework; path = System/Library/Frameworks/CFNetwork.framework; sourceTree = SDKROOT; };
		70770F591882821400AED8B1 /* wifi.png */ = {isa = PBXFileReference; lastKnownFileType = image.png; path = wifi.png; sourceTree = "<group>"; };
		70770F5E1882D8AD00AED8B1 /* BaseViewController.h */ = {isa = PBXFileReference; fileEncoding = 4; lastKnownFileType = sourcecode.c.h; path = BaseViewController.h; sourceTree = "<group>"; };
		70770F5F1882D8AD00AED8B1 /* BaseViewController.m */ = {isa = PBXFileReference; fileEncoding = 4; lastKnownFileType = sourcecode.c.objc; path = BaseViewController.m; sourceTree = "<group>"; };
		70770F611882DEF600AED8B1 /* LYUserDefaults.h */ = {isa = PBXFileReference; fileEncoding = 4; lastKnownFileType = sourcecode.c.h; path = LYUserDefaults.h; sourceTree = "<group>"; };
		70770F621882DEF600AED8B1 /* LYUserDefaults.m */ = {isa = PBXFileReference; fileEncoding = 4; lastKnownFileType = sourcecode.c.objc; path = LYUserDefaults.m; sourceTree = "<group>"; };
/* End PBXFileReference section */

/* Begin PBXFrameworksBuildPhase section */
		7068FF1918672964000A9CFC /* Frameworks */ = {
			isa = PBXFrameworksBuildPhase;
			buildActionMask = 2147483647;
			files = (
				300E9841188910EF0072175D /* ImageIO.framework in Frameworks */,
				300E983F188910EA0072175D /* MapKit.framework in Frameworks */,
				70770F3418825E5C00AED8B1 /* CFNetwork.framework in Frameworks */,
				70770F3218825E5400AED8B1 /* MobileCoreServices.framework in Frameworks */,
				70770F3018825E4C00AED8B1 /* Security.framework in Frameworks */,
				70770F2E18825E3F00AED8B1 /* SystemConfiguration.framework in Frameworks */,
				70770F2C18825E3700AED8B1 /* libxml2.dylib in Frameworks */,
				70770F2A18825E2C00AED8B1 /* libz.dylib in Frameworks */,
				703779281868864900011066 /* QuartzCore.framework in Frameworks */,
				7068FF2218672964000A9CFC /* CoreGraphics.framework in Frameworks */,
				7068FF2418672964000A9CFC /* UIKit.framework in Frameworks */,
				7068FF2018672964000A9CFC /* Foundation.framework in Frameworks */,
			);
			runOnlyForDeploymentPostprocessing = 0;
		};
		7068FF3418672964000A9CFC /* Frameworks */ = {
			isa = PBXFrameworksBuildPhase;
			buildActionMask = 2147483647;
			files = (
				7068FF3918672964000A9CFC /* XCTest.framework in Frameworks */,
				7068FF3B18672964000A9CFC /* UIKit.framework in Frameworks */,
				7068FF3A18672964000A9CFC /* Foundation.framework in Frameworks */,
			);
			runOnlyForDeploymentPostprocessing = 0;
		};
/* End PBXFrameworksBuildPhase section */

/* Begin PBXGroup section */
		300E97CC1888C7D40072175D /* Models */ = {
			isa = PBXGroup;
			children = (
				300E97CD1888CA720072175D /* UserInfo.h */,
				300E97CE1888CA720072175D /* UserInfo.m */,
				300E97D01888F35C0072175D /* Status.h */,
				300E97D11888F35C0072175D /* Status.m */,
				300E9842188917570072175D /* ModelsConstants.h */,
			);
			path = Models;
			sourceTree = "<group>";
		};
		300E9821188910E00072175D /* SDWebImage */ = {
			isa = PBXGroup;
			children = (
				300E9822188910E00072175D /* MKAnnotationView+WebCache.h */,
				300E9823188910E00072175D /* MKAnnotationView+WebCache.m */,
				300E9824188910E00072175D /* SDImageCache.h */,
				300E9825188910E00072175D /* SDImageCache.m */,
				300E9826188910E00072175D /* SDImageCacheDelegate.h */,
				300E9827188910E00072175D /* SDWebImageCompat.h */,
				300E9828188910E00072175D /* SDWebImageDecoder.h */,
				300E9829188910E00072175D /* SDWebImageDecoder.m */,
				300E982A188910E00072175D /* SDWebImageDownloader.h */,
				300E982B188910E00072175D /* SDWebImageDownloader.m */,
				300E982C188910E00072175D /* SDWebImageDownloaderDelegate.h */,
				300E982D188910E00072175D /* SDWebImageManager.h */,
				300E982E188910E00072175D /* SDWebImageManager.m */,
				300E982F188910E00072175D /* SDWebImageManagerDelegate.h */,
				300E9830188910E00072175D /* SDWebImagePrefetcher.h */,
				300E9831188910E00072175D /* SDWebImagePrefetcher.m */,
				300E9832188910E00072175D /* UIButton+WebCache.h */,
				300E9833188910E00072175D /* UIButton+WebCache.m */,
				300E9834188910E00072175D /* UIImageView+WebCache.h */,
				300E9835188910E00072175D /* UIImageView+WebCache.m */,
			);
			path = SDWebImage;
			sourceTree = "<group>";
		};
		300FF436187650E200C1B091 /* Public */ = {
			isa = PBXGroup;
			children = (
				300FF437187650F500C1B091 /* GlobalConfig.h */,
				705FA3EC1879AC5F00338887 /* LYUtils.h */,
				705FA3ED1879AC5F00338887 /* LYUtils.m */,
				70770F611882DEF600AED8B1 /* LYUserDefaults.h */,
				70770F621882DEF600AED8B1 /* LYUserDefaults.m */,
				300FF444187693F800C1B091 /* Category */,
			);
			path = Public;
			sourceTree = "<group>";
		};
		300FF444187693F800C1B091 /* Category */ = {
			isa = PBXGroup;
			children = (
			);
			path = Category;
			sourceTree = "<group>";
		};
		301E82CA188E75FE00A73299 /* Edit */ = {
			isa = PBXGroup;
			children = (
				301E82CB188E75FE00A73299 /* EditViewController.h */,
				301E82CC188E75FE00A73299 /* EditViewController.m */,
				301E82CE188E764800A73299 /* KBHeaderView.h */,
				301E82CF188E764800A73299 /* KBHeaderView.m */,
			);
			path = Edit;
			sourceTree = "<group>";
		};
		306E7118188FA2E70011E374 /* Category */ = {
			isa = PBXGroup;
			children = (
				306E7119188FA3210011E374 /* UINavigationController+Rotate.h */,
				306E711A188FA3210011E374 /* UINavigationController+Rotate.m */,
			);
			path = Category;
			sourceTree = "<group>";
		};
		30FADF081883EFA600A7247A /* NetWork */ = {
			isa = PBXGroup;
			children = (
				30FADF091883F08600A7247A /* NetWorkRequest.h */,
				30FADF0A1883F08600A7247A /* NetWorkRequest.m */,
			);
			path = NetWork;
			sourceTree = "<group>";
		};
		700520E1186B1796006AAD8B /* UIs */ = {
			isa = PBXGroup;
			children = (
				701C3AC91878528B002609BC /* Public */,
				700520EF186B2AAC006AAD8B /* Home */,
				700520F0186B2AAC006AAD8B /* Message */,
				700520F1186B2AAC006AAD8B /* Mine */,
				700520F3186B2AAC006AAD8B /* Square */,
				700520F2186B2AAC006AAD8B /* More */,
			);
			path = UIs;
			sourceTree = "<group>";
		};
		700520EF186B2AAC006AAD8B /* Home */ = {
			isa = PBXGroup;
			children = (
				700520F4186B2AEE006AAD8B /* HomeViewController.h */,
				700520F5186B2AEE006AAD8B /* HomeViewController.m */,
			);
			path = Home;
			sourceTree = "<group>";
		};
		700520F0186B2AAC006AAD8B /* Message */ = {
			isa = PBXGroup;
			children = (
				700520F7186B2AFB006AAD8B /* MessageViewController.h */,
				700520F8186B2AFB006AAD8B /* MessageViewController.m */,
			);
			path = Message;
			sourceTree = "<group>";
		};
		700520F1186B2AAC006AAD8B /* Mine */ = {
			isa = PBXGroup;
			children = (
				700520FA186B2B04006AAD8B /* MineViewController.h */,
				700520FB186B2B04006AAD8B /* MineViewController.m */,
			);
			path = Mine;
			sourceTree = "<group>";
		};
		700520F2186B2AAC006AAD8B /* More */ = {
			isa = PBXGroup;
			children = (
				70052100186B2B21006AAD8B /* MoreViewController.h */,
				70052101186B2B21006AAD8B /* MoreViewController.m */,
			);
			path = More;
			sourceTree = "<group>";
		};
		700520F3186B2AAC006AAD8B /* Square */ = {
			isa = PBXGroup;
			children = (
				700520FD186B2B16006AAD8B /* SquareViewController.h */,
				700520FE186B2B16006AAD8B /* SquareViewController.m */,
			);
			path = Square;
			sourceTree = "<group>";
		};
		701C3AC91878528B002609BC /* Public */ = {
			isa = PBXGroup;
			children = (
				306E7118188FA2E70011E374 /* Category */,
				70770F5E1882D8AD00AED8B1 /* BaseViewController.h */,
				70770F5F1882D8AD00AED8B1 /* BaseViewController.m */,
				701C3ACA1878528B002609BC /* Left */,
				701C3AD7187852C7002609BC /* LogInViewController.h */,
				701C3AD8187852C7002609BC /* LogInViewController.m */,
				301E82CA188E75FE00A73299 /* Edit */,
			);
			path = Public;
			sourceTree = "<group>";
		};
		701C3ACA1878528B002609BC /* Left */ = {
			isa = PBXGroup;
			children = (
				701C3ACB1878528B002609BC /* LeftFooterView.h */,
				701C3ACC1878528B002609BC /* LeftFooterView.m */,
				701C3ACD1878528B002609BC /* LeftHeaderView.h */,
				701C3ACE1878528B002609BC /* LeftHeaderView.m */,
				701C3ACF1878528B002609BC /* LeftMenuCell.h */,
				701C3AD01878528B002609BC /* LeftMenuCell.m */,
				701C3AD11878528B002609BC /* LeftMenuViewController.h */,
				701C3AD21878528B002609BC /* LeftMenuViewController.m */,
			);
			path = Left;
			sourceTree = "<group>";
		};
		701C3ADE18785D0D002609BC /* MBProgressHUD */ = {
			isa = PBXGroup;
			children = (
				701C3ADF18785D0D002609BC /* MBProgressHUD.h */,
				701C3AE018785D0D002609BC /* MBProgressHUD.m */,
			);
			path = MBProgressHUD;
			sourceTree = "<group>";
		};
		70377907186885E200011066 /* Classses */ = {
			isa = PBXGroup;
			children = (
				300E97CC1888C7D40072175D /* Models */,
				30FADF081883EFA600A7247A /* NetWork */,
				300FF436187650E200C1B091 /* Public */,
				700520E1186B1796006AAD8B /* UIs */,
				703779181868863600011066 /* 3rd */,
			);
			path = Classses;
			sourceTree = "<group>";
		};
		703779181868863600011066 /* 3rd */ = {
			isa = PBXGroup;
			children = (
				300E9821188910E00072175D /* SDWebImage */,
				70770EA61882599A00AED8B1 /* ASIHTTPRequest */,
				701C3ADE18785D0D002609BC /* MBProgressHUD */,
				703779191868863600011066 /* MMDrawerController */,
			);
			path = 3rd;
			sourceTree = "<group>";
		};
		703779191868863600011066 /* MMDrawerController */ = {
			isa = PBXGroup;
			children = (
				7037791A1868863600011066 /* MMDrawerBarButtonItem.h */,
				7037791B1868863600011066 /* MMDrawerBarButtonItem.m */,
				7037791C1868863600011066 /* MMDrawerController+Subclass.h */,
				7037791D1868863600011066 /* MMDrawerController.h */,
				7037791E1868863600011066 /* MMDrawerController.m */,
				7037791F1868863600011066 /* MMDrawerVisualState.h */,
				703779201868863600011066 /* MMDrawerVisualState.m */,
				703779211868863600011066 /* UIViewController+MMDrawerController.h */,
				703779221868863600011066 /* UIViewController+MMDrawerController.m */,
				301E82C7188E4B9600A73299 /* MMExampleDrawerVisualStateManager.h */,
				301E82C8188E4B9600A73299 /* MMExampleDrawerVisualStateManager.m */,
			);
			path = MMDrawerController;
			sourceTree = "<group>";
		};
		7068FF1318672964000A9CFC = {
			isa = PBXGroup;
			children = (
				7068FF2518672964000A9CFC /* LaoYueWeiBo */,
				7068FF1E18672964000A9CFC /* Frameworks */,
				7068FF1D18672964000A9CFC /* Products */,
			);
			sourceTree = "<group>";
		};
		7068FF1D18672964000A9CFC /* Products */ = {
			isa = PBXGroup;
			children = (
				7068FF1C18672964000A9CFC /* LaoYueWeiBo.app */,
				7068FF3718672964000A9CFC /* LaoYueWeiBoTests.xctest */,
			);
			name = Products;
			sourceTree = "<group>";
		};
		7068FF1E18672964000A9CFC /* Frameworks */ = {
			isa = PBXGroup;
			children = (
				300E9840188910EF0072175D /* ImageIO.framework */,
				300E983E188910EA0072175D /* MapKit.framework */,
				70770F3318825E5C00AED8B1 /* CFNetwork.framework */,
				70770F3118825E5400AED8B1 /* MobileCoreServices.framework */,
				70770F2F18825E4C00AED8B1 /* Security.framework */,
				70770F2D18825E3F00AED8B1 /* SystemConfiguration.framework */,
				70770F2B18825E3700AED8B1 /* libxml2.dylib */,
				70770F2918825E2C00AED8B1 /* libz.dylib */,
				703779271868864900011066 /* QuartzCore.framework */,
				7068FF1F18672964000A9CFC /* Foundation.framework */,
				7068FF2118672964000A9CFC /* CoreGraphics.framework */,
				7068FF2318672964000A9CFC /* UIKit.framework */,
				7068FF3818672964000A9CFC /* XCTest.framework */,
			);
			name = Frameworks;
			sourceTree = "<group>";
		};
		7068FF2518672964000A9CFC /* LaoYueWeiBo */ = {
			isa = PBXGroup;
			children = (
				7068FF2E18672964000A9CFC /* LYAppDelegate.h */,
				7068FF2F18672964000A9CFC /* LYAppDelegate.m */,
				70377907186885E200011066 /* Classses */,
				70770F541882806F00AED8B1 /* Resources */,
				7068FF2618672964000A9CFC /* Supporting Files */,
			);
			path = LaoYueWeiBo;
			sourceTree = "<group>";
		};
		7068FF2618672964000A9CFC /* Supporting Files */ = {
			isa = PBXGroup;
			children = (
				7068FF2718672964000A9CFC /* LaoYueWeiBo-Info.plist */,
				7068FF2818672964000A9CFC /* InfoPlist.strings */,
				7068FF2B18672964000A9CFC /* main.m */,
				7068FF2D18672964000A9CFC /* LaoYueWeiBo-Prefix.pch */,
				300FF4451876A38D00C1B091 /* Default-568h@2x.png */,
				300FF4461876A38D00C1B091 /* Default.png */,
				300FF4471876A38D00C1B091 /* Default@2x.png */,
			);
			name = "Supporting Files";
			sourceTree = "<group>";
		};
		70770EA61882599A00AED8B1 /* ASIHTTPRequest */ = {
			isa = PBXGroup;
			children = (
				70770EA71882599A00AED8B1 /* ASIAuthenticationDialog.h */,
				70770EA81882599A00AED8B1 /* ASIAuthenticationDialog.m */,
				70770EA91882599A00AED8B1 /* ASICacheDelegate.h */,
				70770EAA1882599A00AED8B1 /* ASIDataCompressor.h */,
				70770EAB1882599A00AED8B1 /* ASIDataCompressor.m */,
				70770EAC1882599A00AED8B1 /* ASIDataDecompressor.h */,
				70770EAD1882599A00AED8B1 /* ASIDataDecompressor.m */,
				70770EAE1882599A00AED8B1 /* ASIDownloadCache.h */,
				70770EAF1882599A00AED8B1 /* ASIDownloadCache.m */,
				70770EB01882599A00AED8B1 /* ASIFormDataRequest.h */,
				70770EB11882599A00AED8B1 /* ASIFormDataRequest.m */,
				70770EB21882599A00AED8B1 /* ASIHTTPRequest.h */,
				70770EB31882599A00AED8B1 /* ASIHTTPRequest.m */,
				70770EB41882599A00AED8B1 /* ASIHTTPRequestConfig.h */,
				70770EB51882599A00AED8B1 /* ASIHTTPRequestDelegate.h */,
				70770EB61882599A00AED8B1 /* ASIInputStream.h */,
				70770EB71882599A00AED8B1 /* ASIInputStream.m */,
				70770EB81882599A00AED8B1 /* ASINetworkQueue.h */,
				70770EB91882599A00AED8B1 /* ASINetworkQueue.m */,
				70770EBA1882599A00AED8B1 /* ASIProgressDelegate.h */,
				70770F2618825C7C00AED8B1 /* Reachability.h */,
				70770F2718825C7C00AED8B1 /* Reachability.m */,
			);
			path = ASIHTTPRequest;
			sourceTree = "<group>";
		};
		70770F541882806F00AED8B1 /* Resources */ = {
			isa = PBXGroup;
			children = (
				70770F551882806F00AED8B1 /* Images */,
			);
			path = Resources;
			sourceTree = "<group>";
		};
		70770F551882806F00AED8B1 /* Images */ = {
			isa = PBXGroup;
			children = (
				70770F561882806F00AED8B1 /* Login */,
			);
			path = Images;
			sourceTree = "<group>";
		};
		70770F561882806F00AED8B1 /* Login */ = {
			isa = PBXGroup;
			children = (
				70770F591882821400AED8B1 /* wifi.png */,
			);
			path = Login;
			sourceTree = "<group>";
		};
/* End PBXGroup section */

/* Begin PBXNativeTarget section */
		7068FF1B18672964000A9CFC /* LaoYueWeiBo */ = {
			isa = PBXNativeTarget;
			buildConfigurationList = 7068FF4818672964000A9CFC /* Build configuration list for PBXNativeTarget "LaoYueWeiBo" */;
			buildPhases = (
				7068FF1818672964000A9CFC /* Sources */,
				7068FF1918672964000A9CFC /* Frameworks */,
				7068FF1A18672964000A9CFC /* Resources */,
			);
			buildRules = (
			);
			dependencies = (
			);
			name = LaoYueWeiBo;
			productName = LaoYueWeiBo;
			productReference = 7068FF1C18672964000A9CFC /* LaoYueWeiBo.app */;
			productType = "com.apple.product-type.application";
		};
		7068FF3618672964000A9CFC /* LaoYueWeiBoTests */ = {
			isa = PBXNativeTarget;
			buildConfigurationList = 7068FF4B18672964000A9CFC /* Build configuration list for PBXNativeTarget "LaoYueWeiBoTests" */;
			buildPhases = (
				7068FF3318672964000A9CFC /* Sources */,
				7068FF3418672964000A9CFC /* Frameworks */,
				7068FF3518672964000A9CFC /* Resources */,
			);
			buildRules = (
			);
			dependencies = (
				7068FF3D18672964000A9CFC /* PBXTargetDependency */,
			);
			name = LaoYueWeiBoTests;
			productName = LaoYueWeiBoTests;
			productReference = 7068FF3718672964000A9CFC /* LaoYueWeiBoTests.xctest */;
			productType = "com.apple.product-type.bundle.unit-test";
		};
/* End PBXNativeTarget section */

/* Begin PBXProject section */
		7068FF1418672964000A9CFC /* Project object */ = {
			isa = PBXProject;
			attributes = {
				CLASSPREFIX = LY;
				LastUpgradeCheck = 0500;
				ORGANIZATIONNAME = LYue;
				TargetAttributes = {
					7068FF3618672964000A9CFC = {
						TestTargetID = 7068FF1B18672964000A9CFC;
					};
				};
			};
			buildConfigurationList = 7068FF1718672964000A9CFC /* Build configuration list for PBXProject "LaoYueWeiBo" */;
			compatibilityVersion = "Xcode 3.2";
			developmentRegion = English;
			hasScannedForEncodings = 0;
			knownRegions = (
				en,
			);
			mainGroup = 7068FF1318672964000A9CFC;
			productRefGroup = 7068FF1D18672964000A9CFC /* Products */;
			projectDirPath = "";
			projectRoot = "";
			targets = (
				7068FF1B18672964000A9CFC /* LaoYueWeiBo */,
				7068FF3618672964000A9CFC /* LaoYueWeiBoTests */,
			);
		};
/* End PBXProject section */

/* Begin PBXResourcesBuildPhase section */
		7068FF1A18672964000A9CFC /* Resources */ = {
			isa = PBXResourcesBuildPhase;
			buildActionMask = 2147483647;
			files = (
				300FF44A1876A38D00C1B091 /* Default@2x.png in Resources */,
				70770F5A1882821400AED8B1 /* wifi.png in Resources */,
				7068FF2A18672964000A9CFC /* InfoPlist.strings in Resources */,
				300FF4491876A38D00C1B091 /* Default.png in Resources */,
				300FF4481876A38D00C1B091 /* Default-568h@2x.png in Resources */,
			);
			runOnlyForDeploymentPostprocessing = 0;
		};
		7068FF3518672964000A9CFC /* Resources */ = {
			isa = PBXResourcesBuildPhase;
			buildActionMask = 2147483647;
			files = (
			);
			runOnlyForDeploymentPostprocessing = 0;
		};
/* End PBXResourcesBuildPhase section */

/* Begin PBXSourcesBuildPhase section */
		7068FF1818672964000A9CFC /* Sources */ = {
			isa = PBXSourcesBuildPhase;
			buildActionMask = 2147483647;
			files = (
				30FADF0B1883F08600A7247A /* NetWorkRequest.m in Sources */,
				701C3AD31878528B002609BC /* LeftFooterView.m in Sources */,
				70770F031882599A00AED8B1 /* ASIFormDataRequest.m in Sources */,
				300E983B188910E00072175D /* SDWebImagePrefetcher.m in Sources */,
				701C3AD51878528B002609BC /* LeftMenuCell.m in Sources */,
				701C3AD41878528B002609BC /* LeftHeaderView.m in Sources */,
				703779251868863600011066 /* MMDrawerVisualState.m in Sources */,
				301E82C9188E4B9600A73299 /* MMExampleDrawerVisualStateManager.m in Sources */,
				70770F601882D8AD00AED8B1 /* BaseViewController.m in Sources */,
				70052102186B2B21006AAD8B /* MoreViewController.m in Sources */,
				301E82CD188E75FE00A73299 /* EditViewController.m in Sources */,
				7068FF2C18672964000A9CFC /* main.m in Sources */,
				703779231868863600011066 /* MMDrawerBarButtonItem.m in Sources */,
				703779261868863600011066 /* UIViewController+MMDrawerController.m in Sources */,
				306E711B188FA3210011E374 /* UINavigationController+Rotate.m in Sources */,
				701C3AD9187852C7002609BC /* LogInViewController.m in Sources */,
				300E9839188910E00072175D /* SDWebImageDownloader.m in Sources */,
				70770F061882599A00AED8B1 /* ASINetworkQueue.m in Sources */,
				300E97D21888F35C0072175D /* Status.m in Sources */,
				300E983A188910E00072175D /* SDWebImageManager.m in Sources */,
				703779241868863600011066 /* MMDrawerController.m in Sources */,
				70770F631882DEF600AED8B1 /* LYUserDefaults.m in Sources */,
				300E9838188910E00072175D /* SDWebImageDecoder.m in Sources */,
				70770F051882599A00AED8B1 /* ASIInputStream.m in Sources */,
				300E97CF1888CA720072175D /* UserInfo.m in Sources */,
				70770F001882599A00AED8B1 /* ASIDataCompressor.m in Sources */,
				70770F011882599A00AED8B1 /* ASIDataDecompressor.m in Sources */,
				700520F9186B2AFB006AAD8B /* MessageViewController.m in Sources */,
				700520FC186B2B04006AAD8B /* MineViewController.m in Sources */,
				301E82D0188E764800A73299 /* KBHeaderView.m in Sources */,
				701C3AE118785D0D002609BC /* MBProgressHUD.m in Sources */,
				700520FF186B2B16006AAD8B /* SquareViewController.m in Sources */,
				70770F041882599A00AED8B1 /* ASIHTTPRequest.m in Sources */,
				300E983D188910E00072175D /* UIImageView+WebCache.m in Sources */,
				705FA3EE1879AC5F00338887 /* LYUtils.m in Sources */,
				70770EFF1882599A00AED8B1 /* ASIAuthenticationDialog.m in Sources */,
				70770F021882599A00AED8B1 /* ASIDownloadCache.m in Sources */,
				7068FF3018672964000A9CFC /* LYAppDelegate.m in Sources */,
				701C3AD61878528B002609BC /* LeftMenuViewController.m in Sources */,
				300E9836188910E00072175D /* MKAnnotationView+WebCache.m in Sources */,
				70770F2818825C7C00AED8B1 /* Reachability.m in Sources */,
				300E983C188910E00072175D /* UIButton+WebCache.m in Sources */,
				700520F6186B2AEE006AAD8B /* HomeViewController.m in Sources */,
				300E9837188910E00072175D /* SDImageCache.m in Sources */,
			);
			runOnlyForDeploymentPostprocessing = 0;
		};
		7068FF3318672964000A9CFC /* Sources */ = {
			isa = PBXSourcesBuildPhase;
			buildActionMask = 2147483647;
			files = (
			);
			runOnlyForDeploymentPostprocessing = 0;
		};
/* End PBXSourcesBuildPhase section */

/* Begin PBXTargetDependency section */
		7068FF3D18672964000A9CFC /* PBXTargetDependency */ = {
			isa = PBXTargetDependency;
			target = 7068FF1B18672964000A9CFC /* LaoYueWeiBo */;
			targetProxy = 7068FF3C18672964000A9CFC /* PBXContainerItemProxy */;
		};
/* End PBXTargetDependency section */

/* Begin PBXVariantGroup section */
		7068FF2818672964000A9CFC /* InfoPlist.strings */ = {
			isa = PBXVariantGroup;
			children = (
				7068FF2918672964000A9CFC /* en */,
			);
			name = InfoPlist.strings;
			sourceTree = "<group>";
		};
/* End PBXVariantGroup section */

/* Begin XCBuildConfiguration section */
		7068FF4618672964000A9CFC /* Debug */ = {
			isa = XCBuildConfiguration;
			buildSettings = {
				ALWAYS_SEARCH_USER_PATHS = NO;
				ARCHS = "$(ARCHS_STANDARD_INCLUDING_64_BIT)";
				CLANG_CXX_LANGUAGE_STANDARD = "gnu++0x";
				CLANG_CXX_LIBRARY = "libc++";
				CLANG_ENABLE_MODULES = YES;
				CLANG_ENABLE_OBJC_ARC = YES;
				CLANG_WARN_BOOL_CONVERSION = YES;
				CLANG_WARN_CONSTANT_CONVERSION = YES;
				CLANG_WARN_DIRECT_OBJC_ISA_USAGE = YES_ERROR;
				CLANG_WARN_EMPTY_BODY = YES;
				CLANG_WARN_ENUM_CONVERSION = YES;
				CLANG_WARN_INT_CONVERSION = YES;
				CLANG_WARN_OBJC_ROOT_CLASS = YES_ERROR;
				CLANG_WARN__DUPLICATE_METHOD_MATCH = YES;
				"CODE_SIGN_IDENTITY[sdk=iphoneos*]" = "iPhone Developer";
				COPY_PHASE_STRIP = NO;
				GCC_C_LANGUAGE_STANDARD = gnu99;
				GCC_DYNAMIC_NO_PIC = NO;
				GCC_OPTIMIZATION_LEVEL = 0;
				GCC_PREPROCESSOR_DEFINITIONS = (
					"DEBUG=1",
					"$(inherited)",
				);
				GCC_SYMBOLS_PRIVATE_EXTERN = NO;
				GCC_WARN_64_TO_32_BIT_CONVERSION = YES;
				GCC_WARN_ABOUT_RETURN_TYPE = YES_ERROR;
				GCC_WARN_UNDECLARED_SELECTOR = YES;
				GCC_WARN_UNINITIALIZED_AUTOS = YES;
				GCC_WARN_UNUSED_FUNCTION = YES;
				GCC_WARN_UNUSED_VARIABLE = YES;
				IPHONEOS_DEPLOYMENT_TARGET = 5.0;
				ONLY_ACTIVE_ARCH = YES;
				SDKROOT = iphoneos;
				TARGETED_DEVICE_FAMILY = "1,2";
			};
			name = Debug;
		};
		7068FF4718672964000A9CFC /* Release */ = {
			isa = XCBuildConfiguration;
			buildSettings = {
				ALWAYS_SEARCH_USER_PATHS = NO;
				ARCHS = "$(ARCHS_STANDARD_INCLUDING_64_BIT)";
				CLANG_CXX_LANGUAGE_STANDARD = "gnu++0x";
				CLANG_CXX_LIBRARY = "libc++";
				CLANG_ENABLE_MODULES = YES;
				CLANG_ENABLE_OBJC_ARC = YES;
				CLANG_WARN_BOOL_CONVERSION = YES;
				CLANG_WARN_CONSTANT_CONVERSION = YES;
				CLANG_WARN_DIRECT_OBJC_ISA_USAGE = YES_ERROR;
				CLANG_WARN_EMPTY_BODY = YES;
				CLANG_WARN_ENUM_CONVERSION = YES;
				CLANG_WARN_INT_CONVERSION = YES;
				CLANG_WARN_OBJC_ROOT_CLASS = YES_ERROR;
				CLANG_WARN__DUPLICATE_METHOD_MATCH = YES;
				"CODE_SIGN_IDENTITY[sdk=iphoneos*]" = "iPhone Developer";
				COPY_PHASE_STRIP = YES;
				ENABLE_NS_ASSERTIONS = NO;
				GCC_C_LANGUAGE_STANDARD = gnu99;
				GCC_WARN_64_TO_32_BIT_CONVERSION = YES;
				GCC_WARN_ABOUT_RETURN_TYPE = YES_ERROR;
				GCC_WARN_UNDECLARED_SELECTOR = YES;
				GCC_WARN_UNINITIALIZED_AUTOS = YES;
				GCC_WARN_UNUSED_FUNCTION = YES;
				GCC_WARN_UNUSED_VARIABLE = YES;
				IPHONEOS_DEPLOYMENT_TARGET = 5.0;
				SDKROOT = iphoneos;
				TARGETED_DEVICE_FAMILY = "1,2";
				VALIDATE_PRODUCT = YES;
			};
			name = Release;
		};
		7068FF4918672964000A9CFC /* Debug */ = {
			isa = XCBuildConfiguration;
			buildSettings = {
				ASSETCATALOG_COMPILER_APPICON_NAME = AppIcon;
				ASSETCATALOG_COMPILER_LAUNCHIMAGE_NAME = LaunchImage;
				GCC_PRECOMPILE_PREFIX_HEADER = YES;
				GCC_PREFIX_HEADER = "LaoYueWeiBo/LaoYueWeiBo-Prefix.pch";
				INFOPLIST_FILE = "LaoYueWeiBo/LaoYueWeiBo-Info.plist";
				IPHONEOS_DEPLOYMENT_TARGET = 5.0;
				PRODUCT_NAME = "$(TARGET_NAME)";
				TARGETED_DEVICE_FAMILY = 1;
				WRAPPER_EXTENSION = app;
			};
			name = Debug;
		};
		7068FF4A18672964000A9CFC /* Release */ = {
			isa = XCBuildConfiguration;
			buildSettings = {
				ASSETCATALOG_COMPILER_APPICON_NAME = AppIcon;
				ASSETCATALOG_COMPILER_LAUNCHIMAGE_NAME = LaunchImage;
				GCC_PRECOMPILE_PREFIX_HEADER = YES;
				GCC_PREFIX_HEADER = "LaoYueWeiBo/LaoYueWeiBo-Prefix.pch";
				INFOPLIST_FILE = "LaoYueWeiBo/LaoYueWeiBo-Info.plist";
				IPHONEOS_DEPLOYMENT_TARGET = 5.0;
				PRODUCT_NAME = "$(TARGET_NAME)";
				TARGETED_DEVICE_FAMILY = 1;
				WRAPPER_EXTENSION = app;
			};
			name = Release;
		};
		7068FF4C18672964000A9CFC /* Debug */ = {
			isa = XCBuildConfiguration;
			buildSettings = {
				ARCHS = "$(ARCHS_STANDARD_INCLUDING_64_BIT)";
				BUNDLE_LOADER = "$(BUILT_PRODUCTS_DIR)/LaoYueWeiBo.app/LaoYueWeiBo";
				FRAMEWORK_SEARCH_PATHS = (
					"$(SDKROOT)/Developer/Library/Frameworks",
					"$(inherited)",
					"$(DEVELOPER_FRAMEWORKS_DIR)",
				);
				GCC_PRECOMPILE_PREFIX_HEADER = YES;
				GCC_PREFIX_HEADER = "LaoYueWeiBo/LaoYueWeiBo-Prefix.pch";
				GCC_PREPROCESSOR_DEFINITIONS = (
					"DEBUG=1",
					"$(inherited)",
				);
				INFOPLIST_FILE = "LaoYueWeiBoTests/LaoYueWeiBoTests-Info.plist";
				PRODUCT_NAME = "$(TARGET_NAME)";
				TEST_HOST = "$(BUNDLE_LOADER)";
				WRAPPER_EXTENSION = xctest;
			};
			name = Debug;
		};
		7068FF4D18672964000A9CFC /* Release */ = {
			isa = XCBuildConfiguration;
			buildSettings = {
				ARCHS = "$(ARCHS_STANDARD_INCLUDING_64_BIT)";
				BUNDLE_LOADER = "$(BUILT_PRODUCTS_DIR)/LaoYueWeiBo.app/LaoYueWeiBo";
				FRAMEWORK_SEARCH_PATHS = (
					"$(SDKROOT)/Developer/Library/Frameworks",
					"$(inherited)",
					"$(DEVELOPER_FRAMEWORKS_DIR)",
				);
				GCC_PRECOMPILE_PREFIX_HEADER = YES;
				GCC_PREFIX_HEADER = "LaoYueWeiBo/LaoYueWeiBo-Prefix.pch";
				INFOPLIST_FILE = "LaoYueWeiBoTests/LaoYueWeiBoTests-Info.plist";
				PRODUCT_NAME = "$(TARGET_NAME)";
				TEST_HOST = "$(BUNDLE_LOADER)";
				WRAPPER_EXTENSION = xctest;
			};
			name = Release;
		};
/* End XCBuildConfiguration section */

/* Begin XCConfigurationList section */
		7068FF1718672964000A9CFC /* Build configuration list for PBXProject "LaoYueWeiBo" */ = {
			isa = XCConfigurationList;
			buildConfigurations = (
				7068FF4618672964000A9CFC /* Debug */,
				7068FF4718672964000A9CFC /* Release */,
			);
			defaultConfigurationIsVisible = 0;
			defaultConfigurationName = Release;
		};
		7068FF4818672964000A9CFC /* Build configuration list for PBXNativeTarget "LaoYueWeiBo" */ = {
			isa = XCConfigurationList;
			buildConfigurations = (
				7068FF4918672964000A9CFC /* Debug */,
				7068FF4A18672964000A9CFC /* Release */,
			);
			defaultConfigurationIsVisible = 0;
			defaultConfigurationName = Release;
		};
		7068FF4B18672964000A9CFC /* Build configuration list for PBXNativeTarget "LaoYueWeiBoTests" */ = {
			isa = XCConfigurationList;
			buildConfigurations = (
				7068FF4C18672964000A9CFC /* Debug */,
				7068FF4D18672964000A9CFC /* Release */,
			);
			defaultConfigurationIsVisible = 0;
			defaultConfigurationName = Release;
		};
/* End XCConfigurationList section */
	};
	rootObject = 7068FF1418672964000A9CFC /* Project object */;
}
